
Microsoft Visual Studio Solution File, Format Version 10.00
# Visual C++ Express 2008
Project("{8BC9CEB8-8B4A-11D0-8D11-00A0C91BC942}") = "airplaneManager", "airplaneManager\airplaneManager.vcproj", "{4E55766E-ADD0-4512-A753-E85F0A733A6A}"
EndProject
Global
	GlobalSection(SolutionConfigurationPlatforms) = preSolution
		Debug|Win32 = Debug|Win32
		Release|Win32 = Release|Win32
	EndGlobalSection
	GlobalSection(ProjectConfigurationPlatforms) = postSolution
		{4E55766E-ADD0-4512-A753-E85F0A733A6A}.Debug|Win32.ActiveCfg = Debug|Win32
		{4E55766E-ADD0-4512-A753-E85F0A733A6A}.Debug|Win32.Build.0 = Debug|Win32
		{4E55766E-ADD0-4512-A753-E85F0A733A6A}.Release|Win32.ActiveCfg = Release|Win32
		{4E55766E-ADD0-4512-A753-E85F0A733A6A}.Release|Win32.Build.0 = Release|Win32
	EndGlobalSection
	GlobalSection(SolutionProperties) = preSolution
		HideSolutionNode = FALSE
	EndGlobalSection
EndGlobal
